
Microsoft Visual Studio Solution File, Format Version 12.00
# Visual Studio Version 17
VisualStudioVersion = 17.14.36301.6 d17.14
MinimumVisualStudioVersion = 10.0.40219.1
Project("{FAE04EC0-301F-11D3-BF4B-00C04F79EFBC}") = "Breakout", "Breakout\Breakout.csproj", "{E678C92D-99A5-43F8-9D30-F2C56CE380B5}"
EndProject
Global
	GlobalSection(SolutionConfigurationPlatforms) = preSolution
		Debug|Any CPU = Debug|Any CPU
		Release|Any CPU = Release|Any CPU
	EndGlobalSection
	GlobalSection(ProjectConfigurationPlatforms) = postSolution
		{E678C92D-99A5-43F8-9D30-F2C56CE380B5}.Debug|Any CPU.ActiveCfg = Debug|Any CPU
		{E678C92D-99A5-43F8-9D30-F2C56CE380B5}.Debug|Any CPU.Build.0 = Debug|Any CPU
		{E678C92D-99A5-43F8-9D30-F2C56CE380B5}.Release|Any CPU.ActiveCfg = Release|Any CPU
		{E678C92D-99A5-43F8-9D30-F2C56CE380B5}.Release|Any CPU.Build.0 = Release|Any CPU
	EndGlobalSection
	GlobalSection(SolutionProperties) = preSolution
		HideSolutionNode = FALSE
	EndGlobalSection
	GlobalSection(ExtensibilityGlobals) = postSolution
		SolutionGuid = {D32AEA39-8AAA-4C93-9B96-CAC7CAAD2A56}
	EndGlobalSection
EndGlobal
